
Microsoft Visual Studio Solution File, Format Version 12.00
# Visual Studio 15
VisualStudioVersion = 15.0.28307.705
MinimumVisualStudioVersion = 10.0.40219.1
Project("{FAE04EC0-301F-11D3-BF4B-00C04F79EFBC}") = "Shopping.Test", "ShoppingCard.Test\Shopping.Test.csproj", "{1E665532-1A6C-4453-9043-B638425E1A53}"
EndProject
Project("{FAE04EC0-301F-11D3-BF4B-00C04F79EFBC}") = "Shopping.UI", "ShoppingCard.UI\Shopping.UI.csproj", "{1F65FC7B-15A0-4CE8-BCA4-C278B24AAD4A}"
EndProject
Project("{FAE04EC0-301F-11D3-BF4B-00C04F79EFBC}") = "Shopping.Business", "ShoppingCard.Business\Shopping.Business.csproj", "{15BFC5C8-F1F2-4076-A1C2-0659971E9D16}"
EndProject
Project("{FAE04EC0-301F-11D3-BF4B-00C04F79EFBC}") = "Shopping.DAL", "ShoppingCard.DAL\Shopping.DAL.csproj", "{9C09EDC5-74EA-4D78-96E7-1DE8758EFB2A}"
EndProject
Global
	GlobalSection(SolutionConfigurationPlatforms) = preSolution
		Debug|Any CPU = Debug|Any CPU
		Release|Any CPU = Release|Any CPU
	EndGlobalSection
	GlobalSection(ProjectConfigurationPlatforms) = postSolution
		{1E665532-1A6C-4453-9043-B638425E1A53}.Debug|Any CPU.ActiveCfg = Debug|Any CPU
		{1E665532-1A6C-4453-9043-B638425E1A53}.Debug|Any CPU.Build.0 = Debug|Any CPU
		{1E665532-1A6C-4453-9043-B638425E1A53}.Release|Any CPU.ActiveCfg = Release|Any CPU
		{1E665532-1A6C-4453-9043-B638425E1A53}.Release|Any CPU.Build.0 = Release|Any CPU
		{1F65FC7B-15A0-4CE8-BCA4-C278B24AAD4A}.Debug|Any CPU.ActiveCfg = Debug|Any CPU
		{1F65FC7B-15A0-4CE8-BCA4-C278B24AAD4A}.Debug|Any CPU.Build.0 = Debug|Any CPU
		{1F65FC7B-15A0-4CE8-BCA4-C278B24AAD4A}.Release|Any CPU.ActiveCfg = Release|Any CPU
		{1F65FC7B-15A0-4CE8-BCA4-C278B24AAD4A}.Release|Any CPU.Build.0 = Release|Any CPU
		{15BFC5C8-F1F2-4076-A1C2-0659971E9D16}.Debug|Any CPU.ActiveCfg = Debug|Any CPU
		{15BFC5C8-F1F2-4076-A1C2-0659971E9D16}.Debug|Any CPU.Build.0 = Debug|Any CPU
		{15BFC5C8-F1F2-4076-A1C2-0659971E9D16}.Release|Any CPU.ActiveCfg = Release|Any CPU
		{15BFC5C8-F1F2-4076-A1C2-0659971E9D16}.Release|Any CPU.Build.0 = Release|Any CPU
		{9C09EDC5-74EA-4D78-96E7-1DE8758EFB2A}.Debug|Any CPU.ActiveCfg = Debug|Any CPU
		{9C09EDC5-74EA-4D78-96E7-1DE8758EFB2A}.Debug|Any CPU.Build.0 = Debug|Any CPU
		{9C09EDC5-74EA-4D78-96E7-1DE8758EFB2A}.Release|Any CPU.ActiveCfg = Release|Any CPU
		{9C09EDC5-74EA-4D78-96E7-1DE8758EFB2A}.Release|Any CPU.Build.0 = Release|Any CPU
	EndGlobalSection
	GlobalSection(SolutionProperties) = preSolution
		HideSolutionNode = FALSE
	EndGlobalSection
	GlobalSection(ExtensibilityGlobals) = postSolution
		SolutionGuid = {595FA1E0-CCDE-47DD-A5A1-9A151C751DF9}
	EndGlobalSection
EndGlobal
